
Microsoft Visual Studio Solution File, Format Version 12.00
# Visual Studio Version 17
VisualStudioVersion = 17.13.35931.197
MinimumVisualStudioVersion = 10.0.40219.1
Project("{2150E333-8FDC-42A3-9474-1A3956D46DE8}") = "Client", "Client", "{02EA681E-C7D8-13C7-8484-4AC65E1B71E8}"
EndProject
Project("{2150E333-8FDC-42A3-9474-1A3956D46DE8}") = "Mobile", "Mobile", "{15547662-AE39-4CBA-8058-DB204BDB3B75}"
EndProject
Project("{2150E333-8FDC-42A3-9474-1A3956D46DE8}") = "Web", "Web", "{5261709F-37A1-4BA8-8E05-1401DF90BA92}"
EndProject
Project("{2150E333-8FDC-42A3-9474-1A3956D46DE8}") = "Core", "Core", "{3B0EB996-C1CE-4E55-A77E-D8F8269859F8}"
EndProject
Project("{2150E333-8FDC-42A3-9474-1A3956D46DE8}") = "Infrastructure", "Infrastructure", "{09DC51D1-3B42-45F5-9ABC-549BBCC255CF}"
EndProject
Project("{2150E333-8FDC-42A3-9474-1A3956D46DE8}") = "Services", "Services", "{1106C703-8361-4913-84AD-32F78DFF39E1}"
EndProject
Project("{2150E333-8FDC-42A3-9474-1A3956D46DE8}") = "Shared", "Shared", "{D74B5AEF-EC08-4977-8EF9-7BBA673D27EF}"
EndProject
Project("{2150E333-8FDC-42A3-9474-1A3956D46DE8}") = "Test", "Test", "{42FCD6E0-5936-4E7A-A903-989CF570B1AA}"
EndProject
Project("{FAE04EC0-301F-11D3-BF4B-00C04F79EFBC}") = "DWShop.Application", "DWShop.Application\DWShop.Application.csproj", "{88416C16-85C4-4E26-99CB-8C9D5B869DEF}"
EndProject
Project("{FAE04EC0-301F-11D3-BF4B-00C04F79EFBC}") = "DWShop.Domain", "DWShop.Domain\DWShop.Domain.csproj", "{E696052A-D015-4A60-800F-361ED7B64A04}"
EndProject
Project("{FAE04EC0-301F-11D3-BF4B-00C04F79EFBC}") = "DWShop.Infrastructure", "DWShop.Infrastructure\DWShop.Infrastructure.csproj", "{EC52497F-888C-4C6F-BDCC-307492884595}"
EndProject
Project("{FAE04EC0-301F-11D3-BF4B-00C04F79EFBC}") = "DWShop.Service.Api", "DWShop.Service.Api\DWShop.Service.Api.csproj", "{3590AAEA-6BFE-4B2E-8F00-6F6EFF7A3E5A}"
EndProject
Project("{FAE04EC0-301F-11D3-BF4B-00C04F79EFBC}") = "DWShop.Shared", "DWShop.Shared\DWShop.Shared.csproj", "{5E79C954-922C-412A-B568-4D8ADD7D1054}"
EndProject
Project("{FAE04EC0-301F-11D3-BF4B-00C04F79EFBC}") = "DWShop.Client.Infrastructure", "DWShop.Client.Infrastructure\DWShop.Client.Infrastructure.csproj", "{1FC9012B-66B0-4513-9971-8714BAA9D48E}"
EndProject
Project("{FAE04EC0-301F-11D3-BF4B-00C04F79EFBC}") = "DWShop.Web.Infrastructure", "DWShop.Web.Infrastructure\DWShop.Web.Infrastructure.csproj", "{63FDFF33-EE43-451E-B266-3E31B3D6FD50}"
EndProject
Project("{FAE04EC0-301F-11D3-BF4B-00C04F79EFBC}") = "DWShop.Test", "DWShop.Test\DWShop.Test.csproj", "{65970F60-68B0-4278-807F-787DB9FC0F91}"
EndProject
Project("{FAE04EC0-301F-11D3-BF4B-00C04F79EFBC}") = "DWShop.Web.Client", "DWShop.Web.Client\DWShop.Web.Client\DWShop.Web.Client.csproj", "{37868225-09B9-4302-BC4A-4D833561FBED}"
EndProject
Project("{FAE04EC0-301F-11D3-BF4B-00C04F79EFBC}") = "DWShop.Web.Client.Client", "DWShop.Web.Client\DWShop.Web.Client.Client\DWShop.Web.Client.Client.csproj", "{C5B3171E-F1C1-497B-B010-74423AA1F680}"
EndProject
Global
	GlobalSection(SolutionConfigurationPlatforms) = preSolution
		Debug|Any CPU = Debug|Any CPU
		Release|Any CPU = Release|Any CPU
	EndGlobalSection
	GlobalSection(ProjectConfigurationPlatforms) = postSolution
		{88416C16-85C4-4E26-99CB-8C9D5B869DEF}.Debug|Any CPU.ActiveCfg = Debug|Any CPU
		{88416C16-85C4-4E26-99CB-8C9D5B869DEF}.Debug|Any CPU.Build.0 = Debug|Any CPU
		{88416C16-85C4-4E26-99CB-8C9D5B869DEF}.Release|Any CPU.ActiveCfg = Release|Any CPU
		{88416C16-85C4-4E26-99CB-8C9D5B869DEF}.Release|Any CPU.Build.0 = Release|Any CPU
		{E696052A-D015-4A60-800F-361ED7B64A04}.Debug|Any CPU.ActiveCfg = Debug|Any CPU
		{E696052A-D015-4A60-800F-361ED7B64A04}.Debug|Any CPU.Build.0 = Debug|Any CPU
		{E696052A-D015-4A60-800F-361ED7B64A04}.Release|Any CPU.ActiveCfg = Release|Any CPU
		{E696052A-D015-4A60-800F-361ED7B64A04}.Release|Any CPU.Build.0 = Release|Any CPU
		{EC52497F-888C-4C6F-BDCC-307492884595}.Debug|Any CPU.ActiveCfg = Debug|Any CPU
		{EC52497F-888C-4C6F-BDCC-307492884595}.Debug|Any CPU.Build.0 = Debug|Any CPU
		{EC52497F-888C-4C6F-BDCC-307492884595}.Release|Any CPU.ActiveCfg = Release|Any CPU
		{EC52497F-888C-4C6F-BDCC-307492884595}.Release|Any CPU.Build.0 = Release|Any CPU
		{3590AAEA-6BFE-4B2E-8F00-6F6EFF7A3E5A}.Debug|Any CPU.ActiveCfg = Debug|Any CPU
		{3590AAEA-6BFE-4B2E-8F00-6F6EFF7A3E5A}.Debug|Any CPU.Build.0 = Debug|Any CPU
		{3590AAEA-6BFE-4B2E-8F00-6F6EFF7A3E5A}.Release|Any CPU.ActiveCfg = Release|Any CPU
		{3590AAEA-6BFE-4B2E-8F00-6F6EFF7A3E5A}.Release|Any CPU.Build.0 = Release|Any CPU
		{5E79C954-922C-412A-B568-4D8ADD7D1054}.Debug|Any CPU.ActiveCfg = Debug|Any CPU
		{5E79C954-922C-412A-B568-4D8ADD7D1054}.Debug|Any CPU.Build.0 = Debug|Any CPU
		{5E79C954-922C-412A-B568-4D8ADD7D1054}.Release|Any CPU.ActiveCfg = Release|Any CPU
		{5E79C954-922C-412A-B568-4D8ADD7D1054}.Release|Any CPU.Build.0 = Release|Any CPU
		{1FC9012B-66B0-4513-9971-8714BAA9D48E}.Debug|Any CPU.ActiveCfg = Debug|Any CPU
		{1FC9012B-66B0-4513-9971-8714BAA9D48E}.Debug|Any CPU.Build.0 = Debug|Any CPU
		{1FC9012B-66B0-4513-9971-8714BAA9D48E}.Release|Any CPU.ActiveCfg = Release|Any CPU
		{1FC9012B-66B0-4513-9971-8714BAA9D48E}.Release|Any CPU.Build.0 = Release|Any CPU
		{63FDFF33-EE43-451E-B266-3E31B3D6FD50}.Debug|Any CPU.ActiveCfg = Debug|Any CPU
		{63FDFF33-EE43-451E-B266-3E31B3D6FD50}.Debug|Any CPU.Build.0 = Debug|Any CPU
		{63FDFF33-EE43-451E-B266-3E31B3D6FD50}.Release|Any CPU.ActiveCfg = Release|Any CPU
		{63FDFF33-EE43-451E-B266-3E31B3D6FD50}.Release|Any CPU.Build.0 = Release|Any CPU
		{65970F60-68B0-4278-807F-787DB9FC0F91}.Debug|Any CPU.ActiveCfg = Debug|Any CPU
		{65970F60-68B0-4278-807F-787DB9FC0F91}.Debug|Any CPU.Build.0 = Debug|Any CPU
		{65970F60-68B0-4278-807F-787DB9FC0F91}.Release|Any CPU.ActiveCfg = Release|Any CPU
		{65970F60-68B0-4278-807F-787DB9FC0F91}.Release|Any CPU.Build.0 = Release|Any CPU
		{37868225-09B9-4302-BC4A-4D833561FBED}.Debug|Any CPU.ActiveCfg = Debug|Any CPU
		{37868225-09B9-4302-BC4A-4D833561FBED}.Debug|Any CPU.Build.0 = Debug|Any CPU
		{37868225-09B9-4302-BC4A-4D833561FBED}.Release|Any CPU.ActiveCfg = Release|Any CPU
		{37868225-09B9-4302-BC4A-4D833561FBED}.Release|Any CPU.Build.0 = Release|Any CPU
		{C5B3171E-F1C1-497B-B010-74423AA1F680}.Debug|Any CPU.ActiveCfg = Debug|Any CPU
		{C5B3171E-F1C1-497B-B010-74423AA1F680}.Debug|Any CPU.Build.0 = Debug|Any CPU
		{C5B3171E-F1C1-497B-B010-74423AA1F680}.Release|Any CPU.ActiveCfg = Release|Any CPU
		{C5B3171E-F1C1-497B-B010-74423AA1F680}.Release|Any CPU.Build.0 = Release|Any CPU
	EndGlobalSection
	GlobalSection(SolutionProperties) = preSolution
		HideSolutionNode = FALSE
	EndGlobalSection
	GlobalSection(NestedProjects) = preSolution
		{15547662-AE39-4CBA-8058-DB204BDB3B75} = {02EA681E-C7D8-13C7-8484-4AC65E1B71E8}
		{5261709F-37A1-4BA8-8E05-1401DF90BA92} = {02EA681E-C7D8-13C7-8484-4AC65E1B71E8}
		{88416C16-85C4-4E26-99CB-8C9D5B869DEF} = {3B0EB996-C1CE-4E55-A77E-D8F8269859F8}
		{E696052A-D015-4A60-800F-361ED7B64A04} = {3B0EB996-C1CE-4E55-A77E-D8F8269859F8}
		{EC52497F-888C-4C6F-BDCC-307492884595} = {09DC51D1-3B42-45F5-9ABC-549BBCC255CF}
		{3590AAEA-6BFE-4B2E-8F00-6F6EFF7A3E5A} = {1106C703-8361-4913-84AD-32F78DFF39E1}
		{5E79C954-922C-412A-B568-4D8ADD7D1054} = {D74B5AEF-EC08-4977-8EF9-7BBA673D27EF}
		{1FC9012B-66B0-4513-9971-8714BAA9D48E} = {02EA681E-C7D8-13C7-8484-4AC65E1B71E8}
		{63FDFF33-EE43-451E-B266-3E31B3D6FD50} = {5261709F-37A1-4BA8-8E05-1401DF90BA92}
		{65970F60-68B0-4278-807F-787DB9FC0F91} = {42FCD6E0-5936-4E7A-A903-989CF570B1AA}
		{37868225-09B9-4302-BC4A-4D833561FBED} = {5261709F-37A1-4BA8-8E05-1401DF90BA92}
		{C5B3171E-F1C1-497B-B010-74423AA1F680} = {5261709F-37A1-4BA8-8E05-1401DF90BA92}
	EndGlobalSection
	GlobalSection(ExtensibilityGlobals) = postSolution
		SolutionGuid = {B98AA0DF-5B06-4A7D-ADBA-048008FA26AA}
	EndGlobalSection
EndGlobal
